
Microsoft Visual Studio Solution File, Format Version 12.00
# Visual Studio 15
VisualStudioVersion = 15.0.27130.2010
MinimumVisualStudioVersion = 10.0.40219.1
Project("{FAE04EC0-301F-11D3-BF4B-00C04F79EFBC}") = "Mozi", "Mozi\Mozi.csproj", "{F3C6E13E-5EE7-43CA-9BAA-20162AFD88DC}"
EndProject
Project("{FAE04EC0-301F-11D3-BF4B-00C04F79EFBC}") = "Exceptions", "Exceptions\Exceptions.csproj", "{B7058A0D-FDF1-452D-9FFD-36DF51C847DE}"
EndProject
Project("{FAE04EC0-301F-11D3-BF4B-00C04F79EFBC}") = "LatinSquare", "LatinSquare\LatinSquare.csproj", "{B9335E27-1877-4C6A-93E0-5650EE2CCEF0}"
EndProject
Project("{FAE04EC0-301F-11D3-BF4B-00C04F79EFBC}") = "Zh1_CD", "Zh1_CD\Zh1_CD.csproj", "{0BE25910-33BA-4425-AA43-A6CC80151C20}"
EndProject
Project("{FAE04EC0-301F-11D3-BF4B-00C04F79EFBC}") = "Zh1_AB", "Zh1_AB\Zh1_AB.csproj", "{D0949B76-A336-422D-BE96-160DAE3CC5A5}"
EndProject
Global
	GlobalSection(SolutionConfigurationPlatforms) = preSolution
		Debug|Any CPU = Debug|Any CPU
		Release|Any CPU = Release|Any CPU
	EndGlobalSection
	GlobalSection(ProjectConfigurationPlatforms) = postSolution
		{F3C6E13E-5EE7-43CA-9BAA-20162AFD88DC}.Debug|Any CPU.ActiveCfg = Debug|Any CPU
		{F3C6E13E-5EE7-43CA-9BAA-20162AFD88DC}.Debug|Any CPU.Build.0 = Debug|Any CPU
		{F3C6E13E-5EE7-43CA-9BAA-20162AFD88DC}.Release|Any CPU.ActiveCfg = Release|Any CPU
		{F3C6E13E-5EE7-43CA-9BAA-20162AFD88DC}.Release|Any CPU.Build.0 = Release|Any CPU
		{B7058A0D-FDF1-452D-9FFD-36DF51C847DE}.Debug|Any CPU.ActiveCfg = Debug|Any CPU
		{B7058A0D-FDF1-452D-9FFD-36DF51C847DE}.Debug|Any CPU.Build.0 = Debug|Any CPU
		{B7058A0D-FDF1-452D-9FFD-36DF51C847DE}.Release|Any CPU.ActiveCfg = Release|Any CPU
		{B7058A0D-FDF1-452D-9FFD-36DF51C847DE}.Release|Any CPU.Build.0 = Release|Any CPU
		{B9335E27-1877-4C6A-93E0-5650EE2CCEF0}.Debug|Any CPU.ActiveCfg = Debug|Any CPU
		{B9335E27-1877-4C6A-93E0-5650EE2CCEF0}.Debug|Any CPU.Build.0 = Debug|Any CPU
		{B9335E27-1877-4C6A-93E0-5650EE2CCEF0}.Release|Any CPU.ActiveCfg = Release|Any CPU
		{B9335E27-1877-4C6A-93E0-5650EE2CCEF0}.Release|Any CPU.Build.0 = Release|Any CPU
		{0BE25910-33BA-4425-AA43-A6CC80151C20}.Debug|Any CPU.ActiveCfg = Debug|Any CPU
		{0BE25910-33BA-4425-AA43-A6CC80151C20}.Debug|Any CPU.Build.0 = Debug|Any CPU
		{0BE25910-33BA-4425-AA43-A6CC80151C20}.Release|Any CPU.ActiveCfg = Release|Any CPU
		{0BE25910-33BA-4425-AA43-A6CC80151C20}.Release|Any CPU.Build.0 = Release|Any CPU
		{D0949B76-A336-422D-BE96-160DAE3CC5A5}.Debug|Any CPU.ActiveCfg = Debug|Any CPU
		{D0949B76-A336-422D-BE96-160DAE3CC5A5}.Debug|Any CPU.Build.0 = Debug|Any CPU
		{D0949B76-A336-422D-BE96-160DAE3CC5A5}.Release|Any CPU.ActiveCfg = Release|Any CPU
		{D0949B76-A336-422D-BE96-160DAE3CC5A5}.Release|Any CPU.Build.0 = Release|Any CPU
	EndGlobalSection
	GlobalSection(SolutionProperties) = preSolution
		HideSolutionNode = FALSE
	EndGlobalSection
	GlobalSection(ExtensibilityGlobals) = postSolution
		SolutionGuid = {F2A1CA31-ED1F-439D-9753-77881E5D7C10}
	EndGlobalSection
EndGlobal
